
Microsoft Visual Studio Solution File, Format Version 12.00
# Visual Studio Version 17
VisualStudioVersion = 17.13.35825.156 d17.13
MinimumVisualStudioVersion = 10.0.40219.1
Project("{8BC9CEB8-8B4A-11D0-8D11-00A0C91BC942}") = "wwek9", "wwek9.vcxproj", "{FEF5BB5B-7B57-4ACF-82BF-3676D0A53B89}"
EndProject
Global
	GlobalSection(SolutionConfigurationPlatforms) = preSolution
		Debug|x64 = Debug|x64
		Debug|x86 = Debug|x86
		Release|x64 = Release|x64
		Release|x86 = Release|x86
	EndGlobalSection
	GlobalSection(ProjectConfigurationPlatforms) = postSolution
		{FEF5BB5B-7B57-4ACF-82BF-3676D0A53B89}.Debug|x64.ActiveCfg = Debug|x64
		{FEF5BB5B-7B57-4ACF-82BF-3676D0A53B89}.Debug|x64.Build.0 = Debug|x64
		{FEF5BB5B-7B57-4ACF-82BF-3676D0A53B89}.Debug|x86.ActiveCfg = Debug|Win32
		{FEF5BB5B-7B57-4ACF-82BF-3676D0A53B89}.Debug|x86.Build.0 = Debug|Win32
		{FEF5BB5B-7B57-4ACF-82BF-3676D0A53B89}.Release|x64.ActiveCfg = Release|x64
		{FEF5BB5B-7B57-4ACF-82BF-3676D0A53B89}.Release|x64.Build.0 = Release|x64
		{FEF5BB5B-7B57-4ACF-82BF-3676D0A53B89}.Release|x86.ActiveCfg = Release|Win32
		{FEF5BB5B-7B57-4ACF-82BF-3676D0A53B89}.Release|x86.Build.0 = Release|Win32
	EndGlobalSection
	GlobalSection(SolutionProperties) = preSolution
		HideSolutionNode = FALSE
	EndGlobalSection
	GlobalSection(ExtensibilityGlobals) = postSolution
		SolutionGuid = {CD9604A7-E476-4C4F-BC04-21C4B63C9693}
	EndGlobalSection
EndGlobal
